
Microsoft Visual Studio Solution File, Format Version 12.00
# Visual Studio Version 17
VisualStudioVersion = 17.4.33110.190
MinimumVisualStudioVersion = 10.0.40219.1
Project("{FAE04EC0-301F-11D3-BF4B-00C04F79EFBC}") = "VTimer", "VTimer\VTimer.csproj", "{847FB5B5-F744-4199-8117-4F2EC73023AB}"
EndProject
Global
	GlobalSection(SolutionConfigurationPlatforms) = preSolution
		Debug|Any CPU = Debug|Any CPU
		Release|Any CPU = Release|Any CPU
	EndGlobalSection
	GlobalSection(ProjectConfigurationPlatforms) = postSolution
		{847FB5B5-F744-4199-8117-4F2EC73023AB}.Debug|Any CPU.ActiveCfg = Debug|Any CPU
		{847FB5B5-F744-4199-8117-4F2EC73023AB}.Debug|Any CPU.Build.0 = Debug|Any CPU
		{847FB5B5-F744-4199-8117-4F2EC73023AB}.Release|Any CPU.ActiveCfg = Release|Any CPU
		{847FB5B5-F744-4199-8117-4F2EC73023AB}.Release|Any CPU.Build.0 = Release|Any CPU
	EndGlobalSection
	GlobalSection(SolutionProperties) = preSolution
		HideSolutionNode = FALSE
	EndGlobalSection
	GlobalSection(ExtensibilityGlobals) = postSolution
		SolutionGuid = {95EA4F2B-3D8C-46E7-9474-C3340595A56D}
	EndGlobalSection
EndGlobal
